
Microsoft Visual Studio Solution File, Format Version 12.00
# Visual Studio Version 16
VisualStudioVersion = 16.0.28803.452
MinimumVisualStudioVersion = 10.0.40219.1
Project("{FAE04EC0-301F-11D3-BF4B-00C04F79EFBC}") = "WindowsServiceSample", "WindowsServiceSample\WindowsServiceSample.csproj", "{F4553599-14BB-4C37-9E89-87E5457FAF41}"
EndProject
Project("{FAE04EC0-301F-11D3-BF4B-00C04F79EFBC}") = "WindowsSerivceMgr", "WindowsSerivceMgr\WindowsSerivceMgr.csproj", "{1AF0A0BB-F41B-4834-A2E4-BC52EF26CC68}"
EndProject
Global
	GlobalSection(SolutionConfigurationPlatforms) = preSolution
		Debug|Any CPU = Debug|Any CPU
		Release|Any CPU = Release|Any CPU
	EndGlobalSection
	GlobalSection(ProjectConfigurationPlatforms) = postSolution
		{F4553599-14BB-4C37-9E89-87E5457FAF41}.Debug|Any CPU.ActiveCfg = Debug|Any CPU
		{F4553599-14BB-4C37-9E89-87E5457FAF41}.Debug|Any CPU.Build.0 = Debug|Any CPU
		{F4553599-14BB-4C37-9E89-87E5457FAF41}.Release|Any CPU.ActiveCfg = Release|Any CPU
		{F4553599-14BB-4C37-9E89-87E5457FAF41}.Release|Any CPU.Build.0 = Release|Any CPU
		{1AF0A0BB-F41B-4834-A2E4-BC52EF26CC68}.Debug|Any CPU.ActiveCfg = Debug|Any CPU
		{1AF0A0BB-F41B-4834-A2E4-BC52EF26CC68}.Debug|Any CPU.Build.0 = Debug|Any CPU
		{1AF0A0BB-F41B-4834-A2E4-BC52EF26CC68}.Release|Any CPU.ActiveCfg = Release|Any CPU
		{1AF0A0BB-F41B-4834-A2E4-BC52EF26CC68}.Release|Any CPU.Build.0 = Release|Any CPU
	EndGlobalSection
	GlobalSection(SolutionProperties) = preSolution
		HideSolutionNode = FALSE
	EndGlobalSection
	GlobalSection(ExtensibilityGlobals) = postSolution
		SolutionGuid = {F02C9C72-54DE-403A-8E24-6CA90BFD15BD}
	EndGlobalSection
EndGlobal
